
Microsoft Visual Studio Solution File, Format Version 12.00
# Visual Studio Version 16
VisualStudioVersion = 16.0.30711.63
MinimumVisualStudioVersion = 10.0.40219.1
Project("{9A19103F-16F7-4668-BE54-9A1E7A4F7556}") = "CSharp", "CSharp\CSharp.csproj", "{C96A3179-4749-4457-B8F8-C210170DFA8C}"
EndProject
Project("{9A19103F-16F7-4668-BE54-9A1E7A4F7556}") = "JavaScript", "JavaScript\JavaScript.csproj", "{9D5E9339-9D57-4B95-950D-3DA9EFC3ED11}"
EndProject
Project("{9A19103F-16F7-4668-BE54-9A1E7A4F7556}") = "TypeScript", "TypeScript\TypeScript.csproj", "{44E2B2BD-D60F-451E-B827-69C8E954423E}"
EndProject
Project("{9A19103F-16F7-4668-BE54-9A1E7A4F7556}") = "UI", "UI\UI.csproj", "{74D04CD9-D620-4169-A997-8233745DD9B5}"
EndProject
Global
	GlobalSection(SolutionConfigurationPlatforms) = preSolution
		Debug|Any CPU = Debug|Any CPU
		Release|Any CPU = Release|Any CPU
	EndGlobalSection
	GlobalSection(ProjectConfigurationPlatforms) = postSolution
		{C96A3179-4749-4457-B8F8-C210170DFA8C}.Debug|Any CPU.ActiveCfg = Debug|Any CPU
		{C96A3179-4749-4457-B8F8-C210170DFA8C}.Debug|Any CPU.Build.0 = Debug|Any CPU
		{C96A3179-4749-4457-B8F8-C210170DFA8C}.Release|Any CPU.ActiveCfg = Release|Any CPU
		{C96A3179-4749-4457-B8F8-C210170DFA8C}.Release|Any CPU.Build.0 = Release|Any CPU
		{9D5E9339-9D57-4B95-950D-3DA9EFC3ED11}.Debug|Any CPU.ActiveCfg = Debug|Any CPU
		{9D5E9339-9D57-4B95-950D-3DA9EFC3ED11}.Debug|Any CPU.Build.0 = Debug|Any CPU
		{9D5E9339-9D57-4B95-950D-3DA9EFC3ED11}.Release|Any CPU.ActiveCfg = Release|Any CPU
		{9D5E9339-9D57-4B95-950D-3DA9EFC3ED11}.Release|Any CPU.Build.0 = Release|Any CPU
		{44E2B2BD-D60F-451E-B827-69C8E954423E}.Debug|Any CPU.ActiveCfg = Debug|Any CPU
		{44E2B2BD-D60F-451E-B827-69C8E954423E}.Debug|Any CPU.Build.0 = Debug|Any CPU
		{44E2B2BD-D60F-451E-B827-69C8E954423E}.Release|Any CPU.ActiveCfg = Release|Any CPU
		{44E2B2BD-D60F-451E-B827-69C8E954423E}.Release|Any CPU.Build.0 = Release|Any CPU
		{74D04CD9-D620-4169-A997-8233745DD9B5}.Debug|Any CPU.ActiveCfg = Debug|Any CPU
		{74D04CD9-D620-4169-A997-8233745DD9B5}.Debug|Any CPU.Build.0 = Debug|Any CPU
		{74D04CD9-D620-4169-A997-8233745DD9B5}.Release|Any CPU.ActiveCfg = Release|Any CPU
		{74D04CD9-D620-4169-A997-8233745DD9B5}.Release|Any CPU.Build.0 = Release|Any CPU
	EndGlobalSection
	GlobalSection(SolutionProperties) = preSolution
		HideSolutionNode = FALSE
	EndGlobalSection
	GlobalSection(ExtensibilityGlobals) = postSolution
		SolutionGuid = {A3C673C3-1A99-46F4-B373-A295E5B92AF7}
	EndGlobalSection
EndGlobal
